
Microsoft Visual Studio Solution File, Format Version 12.00
# Visual Studio Version 16
VisualStudioVersion = 16.0.33927.289
MinimumVisualStudioVersion = 10.0.40219.1
Project("{2150E333-8FDC-42A3-9474-1A3956D46DE8}") = "Task0", "Task0", "{7E1C1915-ED77-45F1-ACBC-E24CB17DD8D2}"
EndProject
Project("{FAE04EC0-301F-11D3-BF4B-00C04F79EFBC}") = "Tyuiu.BelovaEA.Sprint5.Task0.V12", "Tyuiu.BelovaEA.Sprint5.Task0.V12\Tyuiu.BelovaEA.Sprint5.Task0.V12.csproj", "{6458243A-4A5B-4CAF-86C4-169CEAD55F72}"
EndProject
Project("{FAE04EC0-301F-11D3-BF4B-00C04F79EFBC}") = "Tyuiu.BelovaEA.Sprint5.Task0.V12.Lib", "Tyuiu.BelovaEA.Sprint5.Task0.V12.Lib\Tyuiu.BelovaEA.Sprint5.Task0.V12.Lib.csproj", "{41F91CA9-F739-4DCC-8EA7-576BCC0B1726}"
EndProject
Project("{FAE04EC0-301F-11D3-BF4B-00C04F79EFBC}") = "Tyuiu.BelovaEA.Sprint5.Task0.V12.Test", "Tyuiu.BelovaEA.Sprint5.Task0.V12.Test\Tyuiu.BelovaEA.Sprint5.Task0.V12.Test.csproj", "{49A567E0-26CC-48FA-BBEE-D3EB0F9658BD}"
EndProject
Project("{2150E333-8FDC-42A3-9474-1A3956D46DE8}") = "Task1", "Task1", "{01D31BAB-77EE-4844-A615-99C8E44E67B2}"
EndProject
Project("{2150E333-8FDC-42A3-9474-1A3956D46DE8}") = "Task2", "Task2", "{F6C957E8-3757-4A2C-87B6-4029C6253A80}"
EndProject
Project("{2150E333-8FDC-42A3-9474-1A3956D46DE8}") = "Task3", "Task3", "{3778D8FE-2AAD-4756-9ADE-67BCA5D6A577}"
EndProject
Project("{FAE04EC0-301F-11D3-BF4B-00C04F79EFBC}") = "Tyuiu.BelovaEA.Sprint5.Task1.V30", "Tyuiu.BelovaEA.Sprint5.Task1.V30\Tyuiu.BelovaEA.Sprint5.Task1.V30.csproj", "{479BF66D-7AE5-4084-BE67-40C7883A851F}"
EndProject
Project("{FAE04EC0-301F-11D3-BF4B-00C04F79EFBC}") = "Tyuiu.BelovaEA.Sprint5.Task1.V30.Test", "Tyuiu.BelovaEA.Sprint5.Task1.V30.Test\Tyuiu.BelovaEA.Sprint5.Task1.V30.Test.csproj", "{5B9DE14F-B7F7-4416-BD68-F57FB9BD776A}"
EndProject
Project("{FAE04EC0-301F-11D3-BF4B-00C04F79EFBC}") = "Tyuiu.BelovaEA.Sprint5.Task1.V30.Lib", "Tyuiu.BelovaEA.Sprint5.Task1.V30.Lib\Tyuiu.BelovaEA.Sprint5.Task1.V30.Lib.csproj", "{C46E5399-CB44-4FD3-A68D-719DF7DB2FA0}"
EndProject
Project("{FAE04EC0-301F-11D3-BF4B-00C04F79EFBC}") = "Tyuiu.BelovaEA.Sprint5.Task2.V3", "Tyuiu.BelovaEA.Sprint5.Task2.V3\Tyuiu.BelovaEA.Sprint5.Task2.V3.csproj", "{59A8C3D5-C521-483C-8554-910CC1CD5CE2}"
EndProject
Project("{FAE04EC0-301F-11D3-BF4B-00C04F79EFBC}") = "Tyuiu.BelovaEA.Sprint5.Task2.V3.Lib", "Tyuiu.BelovaEA.Sprint5.Task2.V3.Lib\Tyuiu.BelovaEA.Sprint5.Task2.V3.Lib.csproj", "{4D7789EA-30FE-49E8-8835-BACC1962E568}"
EndProject
Project("{FAE04EC0-301F-11D3-BF4B-00C04F79EFBC}") = "Tyuiu.BelovaEA.Sprint5.Task2.V3.Test", "Tyuiu.BelovaEA.Sprint5.Task2.V3.Test\Tyuiu.BelovaEA.Sprint5.Task2.V3.Test.csproj", "{8F0F8DBA-A4DA-4379-9733-416577F6E451}"
EndProject
Project("{FAE04EC0-301F-11D3-BF4B-00C04F79EFBC}") = "Tyuiu.BelovaEA.Sprint5.Task3.V16", "Tyuiu.BelovaEA.Sprint5.Task3.V16\Tyuiu.BelovaEA.Sprint5.Task3.V16.csproj", "{CCC8599F-B7D8-4D89-9E55-23F4F991D839}"
EndProject
Project("{FAE04EC0-301F-11D3-BF4B-00C04F79EFBC}") = "Tyuiu.BelovaEA.Sprint5.Task3.V16.Test", "Tyuiu.BelovaEA.Sprint5.Task3.V16.Test\Tyuiu.BelovaEA.Sprint5.Task3.V16.Test.csproj", "{B074339E-D35D-41B0-8A3C-810E5980A706}"
EndProject
Project("{FAE04EC0-301F-11D3-BF4B-00C04F79EFBC}") = "Tyuiu.BelovaEA.Sprint5.Task3.V16.Lib", "Tyuiu.BelovaEA.Sprint5.Task3.V16.Lib\Tyuiu.BelovaEA.Sprint5.Task3.V16.Lib.csproj", "{DEB3AEF7-115D-48FD-BF72-14C6A615B3F7}"
EndProject
Project("{2150E333-8FDC-42A3-9474-1A3956D46DE8}") = "Task4", "Task4", "{19C65249-D9CC-4CE0-BDDC-4B63A32C67B0}"
EndProject
Project("{FAE04EC0-301F-11D3-BF4B-00C04F79EFBC}") = "Tyuiu.BelovaEA.Sprint5.Task4.V6", "Tyuiu.BelovaEA.Sprint5.Task4.V6\Tyuiu.BelovaEA.Sprint5.Task4.V6.csproj", "{FFE74B61-37F2-48B0-9F44-94CA3F8B4988}"
EndProject
Project("{FAE04EC0-301F-11D3-BF4B-00C04F79EFBC}") = "Tyuiu.BelovaEA.Sprint5.Task4.V6.Lib", "Tyuiu.BelovaEA.Sprint5.Task4.V6.Lib\Tyuiu.BelovaEA.Sprint5.Task4.V6.Lib.csproj", "{519EEAF6-1378-4E2E-AEDD-1D1C6D6CF852}"
EndProject
Project("{FAE04EC0-301F-11D3-BF4B-00C04F79EFBC}") = "Tyuiu.BelovaEA.Sprint5.Task4.V6.Test", "Tyuiu.BelovaEA.Sprint5.Task4.V6.Test\Tyuiu.BelovaEA.Sprint5.Task4.V6.Test.csproj", "{572B62E3-5744-4C04-92FD-743C021E27AE}"
EndProject
Project("{2150E333-8FDC-42A3-9474-1A3956D46DE8}") = "Task5", "Task5", "{3F6279A3-D356-42E4-AF1D-45DB471021C6}"
EndProject
Project("{FAE04EC0-301F-11D3-BF4B-00C04F79EFBC}") = "Tyuiu.BelovaEA.Sprint5.Task5.V7", "Tyuiu.BelovaEA.Sprint5.Task5.V7\Tyuiu.BelovaEA.Sprint5.Task5.V7.csproj", "{8220E6AF-712A-40F5-92EF-0008FAEBBC76}"
EndProject
Project("{FAE04EC0-301F-11D3-BF4B-00C04F79EFBC}") = "Tyuiu.BelovaEA.Sprint5.Task5.V7.Test", "Tyuiu.BelovaEA.Sprint5.Task5.V7.Test\Tyuiu.BelovaEA.Sprint5.Task5.V7.Test.csproj", "{F1E46D6E-3AC0-4042-876C-EB573E1A56F7}"
EndProject
Project("{FAE04EC0-301F-11D3-BF4B-00C04F79EFBC}") = "Tyuiu.BelovaEA.Sprint5.Task5.V7.Lib", "Tyuiu.BelovaEA.Sprint5.Task5.V7.Lib\Tyuiu.BelovaEA.Sprint5.Task5.V7.Lib.csproj", "{79C03C14-F94A-4E21-856E-5632F064ADEB}"
EndProject
Project("{2150E333-8FDC-42A3-9474-1A3956D46DE8}") = "Task6", "Task6", "{60327AB0-C93B-4C7D-A0A6-E1E998DCAC82}"
EndProject
Project("{FAE04EC0-301F-11D3-BF4B-00C04F79EFBC}") = "Tyuiu.BelovaEA.Sprint5.Task6.V27", "Tyuiu.BelovaEA.Sprint5.Task6.V27\Tyuiu.BelovaEA.Sprint5.Task6.V27.csproj", "{AE506E53-EF28-4B8C-A05F-77F4F87B0F85}"
EndProject
Project("{FAE04EC0-301F-11D3-BF4B-00C04F79EFBC}") = "Tyuiu.BelovaEA.Sprint5.Task6.V27.Lib", "Tyuiu.BelovaEA.Sprint5.Task6.V27.Lib\Tyuiu.BelovaEA.Sprint5.Task6.V27.Lib.csproj", "{28E48A6F-5D9B-4AF9-93B2-1BA451466387}"
EndProject
Project("{FAE04EC0-301F-11D3-BF4B-00C04F79EFBC}") = "Tyuiu.BelovaEA.Sprint5.Task6.V27.Test", "Tyuiu.BelovaEA.Sprint5.Task6.V27.Test\Tyuiu.BelovaEA.Sprint5.Task6.V27.Test.csproj", "{16FC3B79-9F24-4960-90F5-228654D4F9BD}"
EndProject
Global
	GlobalSection(SolutionConfigurationPlatforms) = preSolution
		Debug|Any CPU = Debug|Any CPU
		Release|Any CPU = Release|Any CPU
	EndGlobalSection
	GlobalSection(ProjectConfigurationPlatforms) = postSolution
		{6458243A-4A5B-4CAF-86C4-169CEAD55F72}.Debug|Any CPU.ActiveCfg = Debug|Any CPU
		{6458243A-4A5B-4CAF-86C4-169CEAD55F72}.Debug|Any CPU.Build.0 = Debug|Any CPU
		{6458243A-4A5B-4CAF-86C4-169CEAD55F72}.Release|Any CPU.ActiveCfg = Release|Any CPU
		{6458243A-4A5B-4CAF-86C4-169CEAD55F72}.Release|Any CPU.Build.0 = Release|Any CPU
		{41F91CA9-F739-4DCC-8EA7-576BCC0B1726}.Debug|Any CPU.ActiveCfg = Debug|Any CPU
		{41F91CA9-F739-4DCC-8EA7-576BCC0B1726}.Debug|Any CPU.Build.0 = Debug|Any CPU
		{41F91CA9-F739-4DCC-8EA7-576BCC0B1726}.Release|Any CPU.ActiveCfg = Release|Any CPU
		{41F91CA9-F739-4DCC-8EA7-576BCC0B1726}.Release|Any CPU.Build.0 = Release|Any CPU
		{49A567E0-26CC-48FA-BBEE-D3EB0F9658BD}.Debug|Any CPU.ActiveCfg = Debug|Any CPU
		{49A567E0-26CC-48FA-BBEE-D3EB0F9658BD}.Debug|Any CPU.Build.0 = Debug|Any CPU
		{49A567E0-26CC-48FA-BBEE-D3EB0F9658BD}.Release|Any CPU.ActiveCfg = Release|Any CPU
		{49A567E0-26CC-48FA-BBEE-D3EB0F9658BD}.Release|Any CPU.Build.0 = Release|Any CPU
		{479BF66D-7AE5-4084-BE67-40C7883A851F}.Debug|Any CPU.ActiveCfg = Debug|Any CPU
		{479BF66D-7AE5-4084-BE67-40C7883A851F}.Debug|Any CPU.Build.0 = Debug|Any CPU
		{479BF66D-7AE5-4084-BE67-40C7883A851F}.Release|Any CPU.ActiveCfg = Release|Any CPU
		{479BF66D-7AE5-4084-BE67-40C7883A851F}.Release|Any CPU.Build.0 = Release|Any CPU
		{5B9DE14F-B7F7-4416-BD68-F57FB9BD776A}.Debug|Any CPU.ActiveCfg = Debug|Any CPU
		{5B9DE14F-B7F7-4416-BD68-F57FB9BD776A}.Debug|Any CPU.Build.0 = Debug|Any CPU
		{5B9DE14F-B7F7-4416-BD68-F57FB9BD776A}.Release|Any CPU.ActiveCfg = Release|Any CPU
		{5B9DE14F-B7F7-4416-BD68-F57FB9BD776A}.Release|Any CPU.Build.0 = Release|Any CPU
		{C46E5399-CB44-4FD3-A68D-719DF7DB2FA0}.Debug|Any CPU.ActiveCfg = Debug|Any CPU
		{C46E5399-CB44-4FD3-A68D-719DF7DB2FA0}.Debug|Any CPU.Build.0 = Debug|Any CPU
		{C46E5399-CB44-4FD3-A68D-719DF7DB2FA0}.Release|Any CPU.ActiveCfg = Release|Any CPU
		{C46E5399-CB44-4FD3-A68D-719DF7DB2FA0}.Release|Any CPU.Build.0 = Release|Any CPU
		{59A8C3D5-C521-483C-8554-910CC1CD5CE2}.Debug|Any CPU.ActiveCfg = Debug|Any CPU
		{59A8C3D5-C521-483C-8554-910CC1CD5CE2}.Debug|Any CPU.Build.0 = Debug|Any CPU
		{59A8C3D5-C521-483C-8554-910CC1CD5CE2}.Release|Any CPU.ActiveCfg = Release|Any CPU
		{59A8C3D5-C521-483C-8554-910CC1CD5CE2}.Release|Any CPU.Build.0 = Release|Any CPU
		{4D7789EA-30FE-49E8-8835-BACC1962E568}.Debug|Any CPU.ActiveCfg = Debug|Any CPU
		{4D7789EA-30FE-49E8-8835-BACC1962E568}.Debug|Any CPU.Build.0 = Debug|Any CPU
		{4D7789EA-30FE-49E8-8835-BACC1962E568}.Release|Any CPU.ActiveCfg = Release|Any CPU
		{4D7789EA-30FE-49E8-8835-BACC1962E568}.Release|Any CPU.Build.0 = Release|Any CPU
		{8F0F8DBA-A4DA-4379-9733-416577F6E451}.Debug|Any CPU.ActiveCfg = Debug|Any CPU
		{8F0F8DBA-A4DA-4379-9733-416577F6E451}.Debug|Any CPU.Build.0 = Debug|Any CPU
		{8F0F8DBA-A4DA-4379-9733-416577F6E451}.Release|Any CPU.ActiveCfg = Release|Any CPU
		{8F0F8DBA-A4DA-4379-9733-416577F6E451}.Release|Any CPU.Build.0 = Release|Any CPU
		{CCC8599F-B7D8-4D89-9E55-23F4F991D839}.Debug|Any CPU.ActiveCfg = Debug|Any CPU
		{CCC8599F-B7D8-4D89-9E55-23F4F991D839}.Debug|Any CPU.Build.0 = Debug|Any CPU
		{CCC8599F-B7D8-4D89-9E55-23F4F991D839}.Release|Any CPU.ActiveCfg = Release|Any CPU
		{CCC8599F-B7D8-4D89-9E55-23F4F991D839}.Release|Any CPU.Build.0 = Release|Any CPU
		{B074339E-D35D-41B0-8A3C-810E5980A706}.Debug|Any CPU.ActiveCfg = Debug|Any CPU
		{B074339E-D35D-41B0-8A3C-810E5980A706}.Debug|Any CPU.Build.0 = Debug|Any CPU
		{B074339E-D35D-41B0-8A3C-810E5980A706}.Release|Any CPU.ActiveCfg = Release|Any CPU
		{B074339E-D35D-41B0-8A3C-810E5980A706}.Release|Any CPU.Build.0 = Release|Any CPU
		{DEB3AEF7-115D-48FD-BF72-14C6A615B3F7}.Debug|Any CPU.ActiveCfg = Debug|Any CPU
		{DEB3AEF7-115D-48FD-BF72-14C6A615B3F7}.Debug|Any CPU.Build.0 = Debug|Any CPU
		{DEB3AEF7-115D-48FD-BF72-14C6A615B3F7}.Release|Any CPU.ActiveCfg = Release|Any CPU
		{DEB3AEF7-115D-48FD-BF72-14C6A615B3F7}.Release|Any CPU.Build.0 = Release|Any CPU
		{FFE74B61-37F2-48B0-9F44-94CA3F8B4988}.Debug|Any CPU.ActiveCfg = Debug|Any CPU
		{FFE74B61-37F2-48B0-9F44-94CA3F8B4988}.Debug|Any CPU.Build.0 = Debug|Any CPU
		{FFE74B61-37F2-48B0-9F44-94CA3F8B4988}.Release|Any CPU.ActiveCfg = Release|Any CPU
		{FFE74B61-37F2-48B0-9F44-94CA3F8B4988}.Release|Any CPU.Build.0 = Release|Any CPU
		{519EEAF6-1378-4E2E-AEDD-1D1C6D6CF852}.Debug|Any CPU.ActiveCfg = Debug|Any CPU
		{519EEAF6-1378-4E2E-AEDD-1D1C6D6CF852}.Debug|Any CPU.Build.0 = Debug|Any CPU
		{519EEAF6-1378-4E2E-AEDD-1D1C6D6CF852}.Release|Any CPU.ActiveCfg = Release|Any CPU
		{519EEAF6-1378-4E2E-AEDD-1D1C6D6CF852}.Release|Any CPU.Build.0 = Release|Any CPU
		{572B62E3-5744-4C04-92FD-743C021E27AE}.Debug|Any CPU.ActiveCfg = Debug|Any CPU
		{572B62E3-5744-4C04-92FD-743C021E27AE}.Debug|Any CPU.Build.0 = Debug|Any CPU
		{572B62E3-5744-4C04-92FD-743C021E27AE}.Release|Any CPU.ActiveCfg = Release|Any CPU
		{572B62E3-5744-4C04-92FD-743C021E27AE}.Release|Any CPU.Build.0 = Release|Any CPU
		{8220E6AF-712A-40F5-92EF-0008FAEBBC76}.Debug|Any CPU.ActiveCfg = Debug|Any CPU
		{8220E6AF-712A-40F5-92EF-0008FAEBBC76}.Debug|Any CPU.Build.0 = Debug|Any CPU
		{8220E6AF-712A-40F5-92EF-0008FAEBBC76}.Release|Any CPU.ActiveCfg = Release|Any CPU
		{8220E6AF-712A-40F5-92EF-0008FAEBBC76}.Release|Any CPU.Build.0 = Release|Any CPU
		{F1E46D6E-3AC0-4042-876C-EB573E1A56F7}.Debug|Any CPU.ActiveCfg = Debug|Any CPU
		{F1E46D6E-3AC0-4042-876C-EB573E1A56F7}.Debug|Any CPU.Build.0 = Debug|Any CPU
		{F1E46D6E-3AC0-4042-876C-EB573E1A56F7}.Release|Any CPU.ActiveCfg = Release|Any CPU
		{F1E46D6E-3AC0-4042-876C-EB573E1A56F7}.Release|Any CPU.Build.0 = Release|Any CPU
		{79C03C14-F94A-4E21-856E-5632F064ADEB}.Debug|Any CPU.ActiveCfg = Debug|Any CPU
		{79C03C14-F94A-4E21-856E-5632F064ADEB}.Debug|Any CPU.Build.0 = Debug|Any CPU
		{79C03C14-F94A-4E21-856E-5632F064ADEB}.Release|Any CPU.ActiveCfg = Release|Any CPU
		{79C03C14-F94A-4E21-856E-5632F064ADEB}.Release|Any CPU.Build.0 = Release|Any CPU
		{AE506E53-EF28-4B8C-A05F-77F4F87B0F85}.Debug|Any CPU.ActiveCfg = Debug|Any CPU
		{AE506E53-EF28-4B8C-A05F-77F4F87B0F85}.Debug|Any CPU.Build.0 = Debug|Any CPU
		{AE506E53-EF28-4B8C-A05F-77F4F87B0F85}.Release|Any CPU.ActiveCfg = Release|Any CPU
		{AE506E53-EF28-4B8C-A05F-77F4F87B0F85}.Release|Any CPU.Build.0 = Release|Any CPU
		{28E48A6F-5D9B-4AF9-93B2-1BA451466387}.Debug|Any CPU.ActiveCfg = Debug|Any CPU
		{28E48A6F-5D9B-4AF9-93B2-1BA451466387}.Debug|Any CPU.Build.0 = Debug|Any CPU
		{28E48A6F-5D9B-4AF9-93B2-1BA451466387}.Release|Any CPU.ActiveCfg = Release|Any CPU
		{28E48A6F-5D9B-4AF9-93B2-1BA451466387}.Release|Any CPU.Build.0 = Release|Any CPU
		{16FC3B79-9F24-4960-90F5-228654D4F9BD}.Debug|Any CPU.ActiveCfg = Debug|Any CPU
		{16FC3B79-9F24-4960-90F5-228654D4F9BD}.Debug|Any CPU.Build.0 = Debug|Any CPU
		{16FC3B79-9F24-4960-90F5-228654D4F9BD}.Release|Any CPU.ActiveCfg = Release|Any CPU
		{16FC3B79-9F24-4960-90F5-228654D4F9BD}.Release|Any CPU.Build.0 = Release|Any CPU
	EndGlobalSection
	GlobalSection(SolutionProperties) = preSolution
		HideSolutionNode = FALSE
	EndGlobalSection
	GlobalSection(NestedProjects) = preSolution
		{6458243A-4A5B-4CAF-86C4-169CEAD55F72} = {7E1C1915-ED77-45F1-ACBC-E24CB17DD8D2}
		{41F91CA9-F739-4DCC-8EA7-576BCC0B1726} = {7E1C1915-ED77-45F1-ACBC-E24CB17DD8D2}
		{49A567E0-26CC-48FA-BBEE-D3EB0F9658BD} = {7E1C1915-ED77-45F1-ACBC-E24CB17DD8D2}
		{479BF66D-7AE5-4084-BE67-40C7883A851F} = {01D31BAB-77EE-4844-A615-99C8E44E67B2}
		{5B9DE14F-B7F7-4416-BD68-F57FB9BD776A} = {01D31BAB-77EE-4844-A615-99C8E44E67B2}
		{C46E5399-CB44-4FD3-A68D-719DF7DB2FA0} = {01D31BAB-77EE-4844-A615-99C8E44E67B2}
		{59A8C3D5-C521-483C-8554-910CC1CD5CE2} = {F6C957E8-3757-4A2C-87B6-4029C6253A80}
		{4D7789EA-30FE-49E8-8835-BACC1962E568} = {F6C957E8-3757-4A2C-87B6-4029C6253A80}
		{8F0F8DBA-A4DA-4379-9733-416577F6E451} = {F6C957E8-3757-4A2C-87B6-4029C6253A80}
		{CCC8599F-B7D8-4D89-9E55-23F4F991D839} = {3778D8FE-2AAD-4756-9ADE-67BCA5D6A577}
		{B074339E-D35D-41B0-8A3C-810E5980A706} = {3778D8FE-2AAD-4756-9ADE-67BCA5D6A577}
		{DEB3AEF7-115D-48FD-BF72-14C6A615B3F7} = {3778D8FE-2AAD-4756-9ADE-67BCA5D6A577}
		{FFE74B61-37F2-48B0-9F44-94CA3F8B4988} = {19C65249-D9CC-4CE0-BDDC-4B63A32C67B0}
		{519EEAF6-1378-4E2E-AEDD-1D1C6D6CF852} = {19C65249-D9CC-4CE0-BDDC-4B63A32C67B0}
		{572B62E3-5744-4C04-92FD-743C021E27AE} = {19C65249-D9CC-4CE0-BDDC-4B63A32C67B0}
		{8220E6AF-712A-40F5-92EF-0008FAEBBC76} = {3F6279A3-D356-42E4-AF1D-45DB471021C6}
		{F1E46D6E-3AC0-4042-876C-EB573E1A56F7} = {3F6279A3-D356-42E4-AF1D-45DB471021C6}
		{79C03C14-F94A-4E21-856E-5632F064ADEB} = {3F6279A3-D356-42E4-AF1D-45DB471021C6}
		{AE506E53-EF28-4B8C-A05F-77F4F87B0F85} = {60327AB0-C93B-4C7D-A0A6-E1E998DCAC82}
		{28E48A6F-5D9B-4AF9-93B2-1BA451466387} = {60327AB0-C93B-4C7D-A0A6-E1E998DCAC82}
		{16FC3B79-9F24-4960-90F5-228654D4F9BD} = {60327AB0-C93B-4C7D-A0A6-E1E998DCAC82}
	EndGlobalSection
	GlobalSection(ExtensibilityGlobals) = postSolution
		SolutionGuid = {C14EEBCC-07CE-4381-B4BB-64317F77D7A0}
	EndGlobalSection
EndGlobal
